
Microsoft Visual Studio Solution File, Format Version 12.00
# Visual Studio Version 17
VisualStudioVersion = 17.9.34728.123
MinimumVisualStudioVersion = 10.0.40219.1
Project("{FAE04EC0-301F-11D3-BF4B-00C04F79EFBC}") = "DelegateBasicExample", "DelegateBasicExample\DelegateBasicExample.csproj", "{8611D37B-87CE-4CDE-BFAA-63B882C80FC9}"
EndProject
Global
	GlobalSection(SolutionConfigurationPlatforms) = preSolution
		Debug|Any CPU = Debug|Any CPU
		Release|Any CPU = Release|Any CPU
	EndGlobalSection
	GlobalSection(ProjectConfigurationPlatforms) = postSolution
		{8611D37B-87CE-4CDE-BFAA-63B882C80FC9}.Debug|Any CPU.ActiveCfg = Debug|Any CPU
		{8611D37B-87CE-4CDE-BFAA-63B882C80FC9}.Debug|Any CPU.Build.0 = Debug|Any CPU
		{8611D37B-87CE-4CDE-BFAA-63B882C80FC9}.Release|Any CPU.ActiveCfg = Release|Any CPU
		{8611D37B-87CE-4CDE-BFAA-63B882C80FC9}.Release|Any CPU.Build.0 = Release|Any CPU
	EndGlobalSection
	GlobalSection(SolutionProperties) = preSolution
		HideSolutionNode = FALSE
	EndGlobalSection
	GlobalSection(ExtensibilityGlobals) = postSolution
		SolutionGuid = {7879C0C9-CB47-4C50-9234-5396138FF756}
	EndGlobalSection
EndGlobal
